
Microsoft Visual Studio Solution File, Format Version 12.00
# Visual Studio 15
VisualStudioVersion = 15.0.28307.106
MinimumVisualStudioVersion = 10.0.40219.1
Project("{8BC9CEB8-8B4A-11D0-8D11-00A0C91BC942}") = "Magenta", "Magenta.vcxproj", "{DDF29899-6816-4057-BC38-EB19425EBD11}"
EndProject
Global
	GlobalSection(SolutionConfigurationPlatforms) = preSolution
		Debug|x64 = Debug|x64
		Debug|x86 = Debug|x86
		Release|x64 = Release|x64
		Release|x86 = Release|x86
	EndGlobalSection
	GlobalSection(ProjectConfigurationPlatforms) = postSolution
		{DDF29899-6816-4057-BC38-EB19425EBD11}.Debug|x64.ActiveCfg = Debug|x64
		{DDF29899-6816-4057-BC38-EB19425EBD11}.Debug|x64.Build.0 = Debug|x64
		{DDF29899-6816-4057-BC38-EB19425EBD11}.Debug|x86.ActiveCfg = Debug|Win32
		{DDF29899-6816-4057-BC38-EB19425EBD11}.Debug|x86.Build.0 = Debug|Win32
		{DDF29899-6816-4057-BC38-EB19425EBD11}.Release|x64.ActiveCfg = Release|x64
		{DDF29899-6816-4057-BC38-EB19425EBD11}.Release|x64.Build.0 = Release|x64
		{DDF29899-6816-4057-BC38-EB19425EBD11}.Release|x86.ActiveCfg = Release|Win32
		{DDF29899-6816-4057-BC38-EB19425EBD11}.Release|x86.Build.0 = Release|Win32
	EndGlobalSection
	GlobalSection(SolutionProperties) = preSolution
		HideSolutionNode = FALSE
	EndGlobalSection
	GlobalSection(ExtensibilityGlobals) = postSolution
		SolutionGuid = {A0E5F9B5-21D4-438D-9886-09CBC0483ACB}
	EndGlobalSection
EndGlobal
